
Microsoft Visual Studio Solution File, Format Version 12.00
# Visual Studio Version 17
VisualStudioVersion = 17.9.34723.18
MinimumVisualStudioVersion = 10.0.40219.1
Project("{FAE04EC0-301F-11D3-BF4B-00C04F79EFBC}") = "HW3_C#", "HW3_C#\HW3_C#.csproj", "{32ABE243-B0D4-46A2-9AD6-46DC2D6149B7}"
EndProject
Global
	GlobalSection(SolutionConfigurationPlatforms) = preSolution
		Debug|Any CPU = Debug|Any CPU
		Release|Any CPU = Release|Any CPU
	EndGlobalSection
	GlobalSection(ProjectConfigurationPlatforms) = postSolution
		{32ABE243-B0D4-46A2-9AD6-46DC2D6149B7}.Debug|Any CPU.ActiveCfg = Debug|Any CPU
		{32ABE243-B0D4-46A2-9AD6-46DC2D6149B7}.Debug|Any CPU.Build.0 = Debug|Any CPU
		{32ABE243-B0D4-46A2-9AD6-46DC2D6149B7}.Release|Any CPU.ActiveCfg = Release|Any CPU
		{32ABE243-B0D4-46A2-9AD6-46DC2D6149B7}.Release|Any CPU.Build.0 = Release|Any CPU
	EndGlobalSection
	GlobalSection(SolutionProperties) = preSolution
		HideSolutionNode = FALSE
	EndGlobalSection
	GlobalSection(ExtensibilityGlobals) = postSolution
		SolutionGuid = {BDCB671E-A3FD-4CBA-8C7D-2E8151A0DD2F}
	EndGlobalSection
EndGlobal
